{
    "name": "@grammyjs/util",
    "version": "0.3.1",
    "lockfileVersion": 2,
    "requires": true,
    "packages": {
        "": {
            "name": "@grammyjs/util",
            "version": "0.3.1",
            "license": "MIT",
            "devDependencies": {
                "@types/node": "18.0.4",
                "deno2node": "1.4.0",
                "type-fest": "2.17.0"
            },
            "peerDependencies": {
                "grammy": "^1.0.0"
            }
        },
        "node_modules/@babel/runtime-corejs3": {
            "version": "7.18.6",
            "resolved": "https://registry.npmjs.org/@babel/runtime-corejs3/-/runtime-corejs3-7.18.6.tgz",
            "integrity": "sha512-cOu5wH2JFBgMjje+a+fz2JNIWU4GzYpl05oSob3UDvBEh6EuIn+TXFHMmBbhSb+k/4HMzgKCQfEEDArAWNF9Cw==",
            "dev": true,
            "dependencies": {
                "core-js-pure": "^3.20.2",
                "regenerator-runtime": "^0.13.4"
            },
            "engines": {
                "node": ">=6.9.0"
            }
        },
        "node_modules/@deno/shim-deno": {
            "version": "0.6.0",
            "resolved": "https://registry.npmjs.org/@deno/shim-deno/-/shim-deno-0.6.0.tgz",
            "integrity": "sha512-f8JD7kwSX1pEMO+bCl/Ooi6ucJ1HHKlAbYw6Na1uFsPeF4iOPaVdc8AcxWO6bSSQ8MBKjELitJ3nG2euBO9kCA==",
            "dev": true,
            "dependencies": {
                "@deno/shim-deno-test": "^0.3.2",
                "which": "^2.0.2"
            }
        },
        "node_modules/@deno/shim-deno-test": {
            "version": "0.3.3",
            "resolved": "https://registry.npmjs.org/@deno/shim-deno-test/-/shim-deno-test-0.3.3.tgz",
            "integrity": "sha512-Ge0Tnl7zZY0VvEfgsyLhjid8DzI1d0La0dgm+3m0/A8gZXgp5xwlyIyue5e4SCUuVB/3AH/0lun9LcJhhTwmbg==",
            "dev": true
        },
        "node_modules/@grammyjs/types": {
            "version": "2.8.1",
            "resolved": "https://registry.npmjs.org/@grammyjs/types/-/types-2.8.1.tgz",
            "integrity": "sha512-cdeagnRnpahbwxyM4XOQR3EQwKnsmEsIktwRlQNyDz3IXI9YBvbRq2lDtufHxO4t6X07mm1+DiwjKEeYCec5bA==",
            "peer": true
        },
        "node_modules/@nodelib/fs.scandir": {
            "version": "2.1.5",
            "resolved": "https://registry.npmjs.org/@nodelib/fs.scandir/-/fs.scandir-2.1.5.tgz",
            "integrity": "sha512-vq24Bq3ym5HEQm2NKCr3yXDwjc7vTsEThRDnkp2DK9p1uqLR+DHurm/NOTo0KG7HYHU7eppKZj3MyqYuMBf62g==",
            "dev": true,
            "dependencies": {
                "@nodelib/fs.stat": "2.0.5",
                "run-parallel": "^1.1.9"
            },
            "engines": {
                "node": ">= 8"
            }
        },
        "node_modules/@nodelib/fs.stat": {
            "version": "2.0.5",
            "resolved": "https://registry.npmjs.org/@nodelib/fs.stat/-/fs.stat-2.0.5.tgz",
            "integrity": "sha512-RkhPPp2zrqDAQA/2jNhnztcPAlv64XdhIp7a7454A5ovI7Bukxgt7MX7udwAu3zg1DcpPU0rz3VV1SeaqvY4+A==",
            "dev": true,
            "engines": {
                "node": ">= 8"
            }
        },
        "node_modules/@nodelib/fs.walk": {
            "version": "1.2.8",
            "resolved": "https://registry.npmjs.org/@nodelib/fs.walk/-/fs.walk-1.2.8.tgz",
            "integrity": "sha512-oGB+UxlgWcgQkgwo8GcEGwemoTFt3FIO9ababBmaGwXIoBKZ+GTy0pP185beGg7Llih/NSHSV2XAs1lnznocSg==",
            "dev": true,
            "dependencies": {
                "@nodelib/fs.scandir": "2.1.5",
                "fastq": "^1.6.0"
            },
            "engines": {
                "node": ">= 8"
            }
        },
        "node_modules/@ts-morph/common": {
            "version": "0.16.0",
            "resolved": "https://registry.npmjs.org/@ts-morph/common/-/common-0.16.0.tgz",
            "integrity": "sha512-SgJpzkTgZKLKqQniCjLaE3c2L2sdL7UShvmTmPBejAKd2OKV/yfMpQ2IWpAuA+VY5wy7PkSUaEObIqEK6afFuw==",
            "dev": true,
            "dependencies": {
                "fast-glob": "^3.2.11",
                "minimatch": "^5.1.0",
                "mkdirp": "^1.0.4",
                "path-browserify": "^1.0.1"
            }
        },
        "node_modules/@types/node": {
            "version": "18.0.4",
            "resolved": "https://registry.npmjs.org/@types/node/-/node-18.0.4.tgz",
            "integrity": "sha512-M0+G6V0Y4YV8cqzHssZpaNCqvYwlCiulmm0PwpNLF55r/+cT8Ol42CHRU1SEaYFH2rTwiiE1aYg/2g2rrtGdPA==",
            "dev": true
        },
        "node_modules/abort-controller": {
            "version": "3.0.0",
            "resolved": "https://registry.npmjs.org/abort-controller/-/abort-controller-3.0.0.tgz",
            "integrity": "sha512-h8lQ8tacZYnR3vNQTgibj+tODHI5/+l06Au2Pcriv/Gmet0eaj4TwWH41sO9wnHDiQsEj19q0drzdWdeAHtweg==",
            "peer": true,
            "dependencies": {
                "event-target-shim": "^5.0.0"
            },
            "engines": {
                "node": ">=6.5"
            }
        },
        "node_modules/balanced-match": {
            "version": "1.0.2",
            "resolved": "https://registry.npmjs.org/balanced-match/-/balanced-match-1.0.2.tgz",
            "integrity": "sha512-3oSeUO0TMV67hN1AmbXsK4yaqU7tjiHlbxRDZOpH0KW9+CeX4bRAaX0Anxt0tx2MrpRpWwQaPwIlISEJhYU5Pw==",
            "dev": true
        },
        "node_modules/brace-expansion": {
            "version": "2.0.1",
            "resolved": "https://registry.npmjs.org/brace-expansion/-/brace-expansion-2.0.1.tgz",
            "integrity": "sha512-XnAIvQ8eM+kC6aULx6wuQiwVsnzsi9d3WxzV3FpWTGA19F621kwdbsAcFKXgKUHZWsy+mY6iL1sHTxWEFCytDA==",
            "dev": true,
            "dependencies": {
                "balanced-match": "^1.0.0"
            }
        },
        "node_modules/braces": {
            "version": "3.0.2",
            "resolved": "https://registry.npmjs.org/braces/-/braces-3.0.2.tgz",
            "integrity": "sha512-b8um+L1RzM3WDSzvhm6gIz1yfTbBt6YTlcEKAvsmqCZZFw46z626lVj9j1yEPW33H5H+lBQpZMP1k8l+78Ha0A==",
            "dev": true,
            "dependencies": {
                "fill-range": "^7.0.1"
            },
            "engines": {
                "node": ">=8"
            }
        },
        "node_modules/code-block-writer": {
            "version": "11.0.2",
            "resolved": "https://registry.npmjs.org/code-block-writer/-/code-block-writer-11.0.2.tgz",
            "integrity": "sha512-goP2FghRVwp940jOvhtUrRDiSVU0h4Ah2jPX1gu2ueGW8boQmdQV4NwiHoM5MQQbUWLQuZopougO8+Ajljgpnw==",
            "dev": true
        },
        "node_modules/core-js-pure": {
            "version": "3.23.4",
            "resolved": "https://registry.npmjs.org/core-js-pure/-/core-js-pure-3.23.4.tgz",
            "integrity": "sha512-lizxkcgj3XDmi7TUBFe+bQ1vNpD5E4t76BrBWI3HdUxdw/Mq1VF4CkiHzIKyieECKtcODK2asJttoofEeUKICQ==",
            "dev": true,
            "hasInstallScript": true,
            "funding": {
                "type": "opencollective",
                "url": "https://opencollective.com/core-js"
            }
        },
        "node_modules/debug": {
            "version": "4.3.4",
            "resolved": "https://registry.npmjs.org/debug/-/debug-4.3.4.tgz",
            "integrity": "sha512-PRWFHuSU3eDtQJPvnNY7Jcket1j0t5OuOsFzPPzsekD52Zl8qUfFIPEiswXqIvHWGVHOgX+7G/vCNNhehwxfkQ==",
            "peer": true,
            "dependencies": {
                "ms": "2.1.2"
            },
            "engines": {
                "node": ">=6.0"
            },
            "peerDependenciesMeta": {
                "supports-color": {
                    "optional": true
                }
            }
        },
        "node_modules/deno2node": {
            "version": "1.4.0",
            "resolved": "https://registry.npmjs.org/deno2node/-/deno2node-1.4.0.tgz",
            "integrity": "sha512-HXNRXwTJ+YuaPqiVGZGCBxLJYn0d6qbKhnbz/7rAVKhx2bNoUkkkaFVxgTZlg6c9iGuE4jCWIqZjgya9Tg11DQ==",
            "dev": true,
            "dependencies": {
                "@deno/shim-deno": "<0.7.0",
                "ts-morph": "^15",
                "xregexp": "^5.1.0",
                "zod": "^3.11.6"
            },
            "bin": {
                "deno2node": "lib/cli.js"
            },
            "engines": {
                "node": ">=14.13.1"
            }
        },
        "node_modules/event-target-shim": {
            "version": "5.0.1",
            "resolved": "https://registry.npmjs.org/event-target-shim/-/event-target-shim-5.0.1.tgz",
            "integrity": "sha512-i/2XbnSz/uxRCU6+NdVJgKWDTM427+MqYbkQzD321DuCQJUqOuJKIA0IM2+W2xtYHdKOmZ4dR6fExsd4SXL+WQ==",
            "peer": true,
            "engines": {
                "node": ">=6"
            }
        },
        "node_modules/fast-glob": {
            "version": "3.2.11",
            "resolved": "https://registry.npmjs.org/fast-glob/-/fast-glob-3.2.11.tgz",
            "integrity": "sha512-xrO3+1bxSo3ZVHAnqzyuewYT6aMFHRAd4Kcs92MAonjwQZLsK9d0SF1IyQ3k5PoirxTW0Oe/RqFgMQ6TcNE5Ew==",
            "dev": true,
            "dependencies": {
                "@nodelib/fs.stat": "^2.0.2",
                "@nodelib/fs.walk": "^1.2.3",
                "glob-parent": "^5.1.2",
                "merge2": "^1.3.0",
                "micromatch": "^4.0.4"
            },
            "engines": {
                "node": ">=8.6.0"
            }
        },
        "node_modules/fastq": {
            "version": "1.13.0",
            "resolved": "https://registry.npmjs.org/fastq/-/fastq-1.13.0.tgz",
            "integrity": "sha512-YpkpUnK8od0o1hmeSc7UUs/eB/vIPWJYjKck2QKIzAf71Vm1AAQ3EbuZB3g2JIy+pg+ERD0vqI79KyZiB2e2Nw==",
            "dev": true,
            "dependencies": {
                "reusify": "^1.0.4"
            }
        },
        "node_modules/fill-range": {
            "version": "7.0.1",
            "resolved": "https://registry.npmjs.org/fill-range/-/fill-range-7.0.1.tgz",
            "integrity": "sha512-qOo9F+dMUmC2Lcb4BbVvnKJxTPjCm+RRpe4gDuGrzkL7mEVl/djYSu2OdQ2Pa302N4oqkSg9ir6jaLWJ2USVpQ==",
            "dev": true,
            "dependencies": {
                "to-regex-range": "^5.0.1"
            },
            "engines": {
                "node": ">=8"
            }
        },
        "node_modules/glob-parent": {
            "version": "5.1.2",
            "resolved": "https://registry.npmjs.org/glob-parent/-/glob-parent-5.1.2.tgz",
            "integrity": "sha512-AOIgSQCepiJYwP3ARnGx+5VnTu2HBYdzbGP45eLw1vr3zB3vZLeyed1sC9hnbcOc9/SrMyM5RPQrkGz4aS9Zow==",
            "dev": true,
            "dependencies": {
                "is-glob": "^4.0.1"
            },
            "engines": {
                "node": ">= 6"
            }
        },
        "node_modules/grammy": {
            "version": "1.9.1",
            "resolved": "https://registry.npmjs.org/grammy/-/grammy-1.9.1.tgz",
            "integrity": "sha512-gdLHwDFrurCf2acoqiWRIfHbLE2iujCb8/USwENLwrXj26LVuQvEWmU9jWrPtHq+Psotd6RtqgQJh+75WWSotA==",
            "peer": true,
            "dependencies": {
                "@grammyjs/types": "^2.8.1",
                "abort-controller": "^3.0.0",
                "debug": "^4.3.4",
                "node-fetch": "^2.6.7"
            },
            "engines": {
                "node": "^12.20.0 || >=14.13.1"
            }
        },
        "node_modules/is-extglob": {
            "version": "2.1.1",
            "resolved": "https://registry.npmjs.org/is-extglob/-/is-extglob-2.1.1.tgz",
            "integrity": "sha512-SbKbANkN603Vi4jEZv49LeVJMn4yGwsbzZworEoyEiutsN3nJYdbO36zfhGJ6QEDpOZIFkDtnq5JRxmvl3jsoQ==",
            "dev": true,
            "engines": {
                "node": ">=0.10.0"
            }
        },
        "node_modules/is-glob": {
            "version": "4.0.3",
            "resolved": "https://registry.npmjs.org/is-glob/-/is-glob-4.0.3.tgz",
            "integrity": "sha512-xelSayHH36ZgE7ZWhli7pW34hNbNl8Ojv5KVmkJD4hBdD3th8Tfk9vYasLM+mXWOZhFkgZfxhLSnrwRr4elSSg==",
            "dev": true,
            "dependencies": {
                "is-extglob": "^2.1.1"
            },
            "engines": {
                "node": ">=0.10.0"
            }
        },
        "node_modules/is-number": {
            "version": "7.0.0",
            "resolved": "https://registry.npmjs.org/is-number/-/is-number-7.0.0.tgz",
            "integrity": "sha512-41Cifkg6e8TylSpdtTpeLVMqvSBEVzTttHvERD741+pnZ8ANv0004MRL43QKPDlK9cGvNp6NZWZUBlbGXYxxng==",
            "dev": true,
            "engines": {
                "node": ">=0.12.0"
            }
        },
        "node_modules/isexe": {
            "version": "2.0.0",
            "resolved": "https://registry.npmjs.org/isexe/-/isexe-2.0.0.tgz",
            "integrity": "sha512-RHxMLp9lnKHGHRng9QFhRCMbYAcVpn69smSGcq3f36xjgVVWThj4qqLbTLlq7Ssj8B+fIQ1EuCEGI2lKsyQeIw==",
            "dev": true
        },
        "node_modules/merge2": {
            "version": "1.4.1",
            "resolved": "https://registry.npmjs.org/merge2/-/merge2-1.4.1.tgz",
            "integrity": "sha512-8q7VEgMJW4J8tcfVPy8g09NcQwZdbwFEqhe/WZkoIzjn/3TGDwtOCYtXGxA3O8tPzpczCCDgv+P2P5y00ZJOOg==",
            "dev": true,
            "engines": {
                "node": ">= 8"
            }
        },
        "node_modules/micromatch": {
            "version": "4.0.5",
            "resolved": "https://registry.npmjs.org/micromatch/-/micromatch-4.0.5.tgz",
            "integrity": "sha512-DMy+ERcEW2q8Z2Po+WNXuw3c5YaUSFjAO5GsJqfEl7UjvtIuFKO6ZrKvcItdy98dwFI2N1tg3zNIdKaQT+aNdA==",
            "dev": true,
            "dependencies": {
                "braces": "^3.0.2",
                "picomatch": "^2.3.1"
            },
            "engines": {
                "node": ">=8.6"
            }
        },
        "node_modules/minimatch": {
            "version": "5.1.0",
            "resolved": "https://registry.npmjs.org/minimatch/-/minimatch-5.1.0.tgz",
            "integrity": "sha512-9TPBGGak4nHfGZsPBohm9AWg6NoT7QTCehS3BIJABslyZbzxfV78QM2Y6+i741OPZIafFAaiiEMh5OyIrJPgtg==",
            "dev": true,
            "dependencies": {
                "brace-expansion": "^2.0.1"
            },
            "engines": {
                "node": ">=10"
            }
        },
        "node_modules/mkdirp": {
            "version": "1.0.4",
            "resolved": "https://registry.npmjs.org/mkdirp/-/mkdirp-1.0.4.tgz",
            "integrity": "sha512-vVqVZQyf3WLx2Shd0qJ9xuvqgAyKPLAiqITEtqW0oIUjzo3PePDd6fW9iFz30ef7Ysp/oiWqbhszeGWW2T6Gzw==",
            "dev": true,
            "bin": {
                "mkdirp": "bin/cmd.js"
            },
            "engines": {
                "node": ">=10"
            }
        },
        "node_modules/ms": {
            "version": "2.1.2",
            "resolved": "https://registry.npmjs.org/ms/-/ms-2.1.2.tgz",
            "integrity": "sha512-sGkPx+VjMtmA6MX27oA4FBFELFCZZ4S4XqeGOXCv68tT+jb3vk/RyaKWP0PTKyWtmLSM0b+adUTEvbs1PEaH2w==",
            "peer": true
        },
        "node_modules/node-fetch": {
            "version": "2.6.7",
            "resolved": "https://registry.npmjs.org/node-fetch/-/node-fetch-2.6.7.tgz",
            "integrity": "sha512-ZjMPFEfVx5j+y2yF35Kzx5sF7kDzxuDj6ziH4FFbOp87zKDZNx8yExJIb05OGF4Nlt9IHFIMBkRl41VdvcNdbQ==",
            "peer": true,
            "dependencies": {
                "whatwg-url": "^5.0.0"
            },
            "engines": {
                "node": "4.x || >=6.0.0"
            },
            "peerDependencies": {
                "encoding": "^0.1.0"
            },
            "peerDependenciesMeta": {
                "encoding": {
                    "optional": true
                }
            }
        },
        "node_modules/path-browserify": {
            "version": "1.0.1",
            "resolved": "https://registry.npmjs.org/path-browserify/-/path-browserify-1.0.1.tgz",
            "integrity": "sha512-b7uo2UCUOYZcnF/3ID0lulOJi/bafxa1xPe7ZPsammBSpjSWQkjNxlt635YGS2MiR9GjvuXCtz2emr3jbsz98g==",
            "dev": true
        },
        "node_modules/picomatch": {
            "version": "2.3.1",
            "resolved": "https://registry.npmjs.org/picomatch/-/picomatch-2.3.1.tgz",
            "integrity": "sha512-JU3teHTNjmE2VCGFzuY8EXzCDVwEqB2a8fsIvwaStHhAWJEeVd1o1QD80CU6+ZdEXXSLbSsuLwJjkCBWqRQUVA==",
            "dev": true,
            "engines": {
                "node": ">=8.6"
            },
            "funding": {
                "url": "https://github.com/sponsors/jonschlinkert"
            }
        },
        "node_modules/queue-microtask": {
            "version": "1.2.3",
            "resolved": "https://registry.npmjs.org/queue-microtask/-/queue-microtask-1.2.3.tgz",
            "integrity": "sha512-NuaNSa6flKT5JaSYQzJok04JzTL1CA6aGhv5rfLW3PgqA+M2ChpZQnAC8h8i4ZFkBS8X5RqkDBHA7r4hej3K9A==",
            "dev": true,
            "funding": [
                {
                    "type": "github",
                    "url": "https://github.com/sponsors/feross"
                },
                {
                    "type": "patreon",
                    "url": "https://www.patreon.com/feross"
                },
                {
                    "type": "consulting",
                    "url": "https://feross.org/support"
                }
            ]
        },
        "node_modules/regenerator-runtime": {
            "version": "0.13.9",
            "resolved": "https://registry.npmjs.org/regenerator-runtime/-/regenerator-runtime-0.13.9.tgz",
            "integrity": "sha512-p3VT+cOEgxFsRRA9X4lkI1E+k2/CtnKtU4gcxyaCUreilL/vqI6CdZ3wxVUx3UOUg+gnUOQQcRI7BmSI656MYA==",
            "dev": true
        },
        "node_modules/reusify": {
            "version": "1.0.4",
            "resolved": "https://registry.npmjs.org/reusify/-/reusify-1.0.4.tgz",
            "integrity": "sha512-U9nH88a3fc/ekCF1l0/UP1IosiuIjyTh7hBvXVMHYgVcfGvt897Xguj2UOLDeI5BG2m7/uwyaLVT6fbtCwTyzw==",
            "dev": true,
            "engines": {
                "iojs": ">=1.0.0",
                "node": ">=0.10.0"
            }
        },
        "node_modules/run-parallel": {
            "version": "1.2.0",
            "resolved": "https://registry.npmjs.org/run-parallel/-/run-parallel-1.2.0.tgz",
            "integrity": "sha512-5l4VyZR86LZ/lDxZTR6jqL8AFE2S0IFLMP26AbjsLVADxHdhB/c0GUsH+y39UfCi3dzz8OlQuPmnaJOMoDHQBA==",
            "dev": true,
            "funding": [
                {
                    "type": "github",
                    "url": "https://github.com/sponsors/feross"
                },
                {
                    "type": "patreon",
                    "url": "https://www.patreon.com/feross"
                },
                {
                    "type": "consulting",
                    "url": "https://feross.org/support"
                }
            ],
            "dependencies": {
                "queue-microtask": "^1.2.2"
            }
        },
        "node_modules/to-regex-range": {
            "version": "5.0.1",
            "resolved": "https://registry.npmjs.org/to-regex-range/-/to-regex-range-5.0.1.tgz",
            "integrity": "sha512-65P7iz6X5yEr1cwcgvQxbbIw7Uk3gOy5dIdtZ4rDveLqhrdJP+Li/Hx6tyK0NEb+2GCyneCMJiGqrADCSNk8sQ==",
            "dev": true,
            "dependencies": {
                "is-number": "^7.0.0"
            },
            "engines": {
                "node": ">=8.0"
            }
        },
        "node_modules/tr46": {
            "version": "0.0.3",
            "resolved": "https://registry.npmjs.org/tr46/-/tr46-0.0.3.tgz",
            "integrity": "sha512-N3WMsuqV66lT30CrXNbEjx4GEwlow3v6rr4mCcv6prnfwhS01rkgyFdjPNBYd9br7LpXV1+Emh01fHnq2Gdgrw==",
            "peer": true
        },
        "node_modules/ts-morph": {
            "version": "15.1.0",
            "resolved": "https://registry.npmjs.org/ts-morph/-/ts-morph-15.1.0.tgz",
            "integrity": "sha512-RBsGE2sDzUXFTnv8Ba22QfeuKbgvAGJFuTN7HfmIRUkgT/NaVLfDM/8OFm2NlFkGlWEXdpW5OaFIp1jvqdDuOg==",
            "dev": true,
            "dependencies": {
                "@ts-morph/common": "~0.16.0",
                "code-block-writer": "^11.0.0"
            }
        },
        "node_modules/type-fest": {
            "version": "2.17.0",
            "resolved": "https://registry.npmjs.org/type-fest/-/type-fest-2.17.0.tgz",
            "integrity": "sha512-U+g3/JVXnOki1kLSc+xZGPRll3Ah9u2VIG6Sn9iH9YX6UkPERmt6O/0fIyTgsd2/whV0+gAaHAg8fz6sG1QzMA==",
            "dev": true,
            "engines": {
                "node": ">=12.20"
            },
            "funding": {
                "url": "https://github.com/sponsors/sindresorhus"
            }
        },
        "node_modules/webidl-conversions": {
            "version": "3.0.1",
            "resolved": "https://registry.npmjs.org/webidl-conversions/-/webidl-conversions-3.0.1.tgz",
            "integrity": "sha512-2JAn3z8AR6rjK8Sm8orRC0h/bcl/DqL7tRPdGZ4I1CjdF+EaMLmYxBHyXuKL849eucPFhvBoxMsflfOb8kxaeQ==",
            "peer": true
        },
        "node_modules/whatwg-url": {
            "version": "5.0.0",
            "resolved": "https://registry.npmjs.org/whatwg-url/-/whatwg-url-5.0.0.tgz",
            "integrity": "sha512-saE57nupxk6v3HY35+jzBwYa0rKSy0XR8JSxZPwgLr7ys0IBzhGviA1/TUGJLmSVqs8pb9AnvICXEuOHLprYTw==",
            "peer": true,
            "dependencies": {
                "tr46": "~0.0.3",
                "webidl-conversions": "^3.0.0"
            }
        },
        "node_modules/which": {
            "version": "2.0.2",
            "resolved": "https://registry.npmjs.org/which/-/which-2.0.2.tgz",
            "integrity": "sha512-BLI3Tl1TW3Pvl70l3yq3Y64i+awpwXqsGBYWkkqMtnbXgrMD+yj7rhW0kuEDxzJaYXGjEW5ogapKNMEKNMjibA==",
            "dev": true,
            "dependencies": {
                "isexe": "^2.0.0"
            },
            "bin": {
                "node-which": "bin/node-which"
            },
            "engines": {
                "node": ">= 8"
            }
        },
        "node_modules/xregexp": {
            "version": "5.1.1",
            "resolved": "https://registry.npmjs.org/xregexp/-/xregexp-5.1.1.tgz",
            "integrity": "sha512-fKXeVorD+CzWvFs7VBuKTYIW63YD1e1osxwQ8caZ6o1jg6pDAbABDG54LCIq0j5cy7PjRvGIq6sef9DYPXpncg==",
            "dev": true,
            "dependencies": {
                "@babel/runtime-corejs3": "^7.16.5"
            }
        },
        "node_modules/zod": {
            "version": "3.17.3",
            "resolved": "https://registry.npmjs.org/zod/-/zod-3.17.3.tgz",
            "integrity": "sha512-4oKP5zvG6GGbMlqBkI5FESOAweldEhSOZ6LI6cG+JzUT7ofj1ZOC0PJudpQOpT1iqOFpYYtX5Pw0+o403y4bcg==",
            "dev": true,
            "funding": {
                "url": "https://github.com/sponsors/colinhacks"
            }
        }
    },
    "dependencies": {
        "@babel/runtime-corejs3": {
            "version": "7.18.6",
            "resolved": "https://registry.npmjs.org/@babel/runtime-corejs3/-/runtime-corejs3-7.18.6.tgz",
            "integrity": "sha512-cOu5wH2JFBgMjje+a+fz2JNIWU4GzYpl05oSob3UDvBEh6EuIn+TXFHMmBbhSb+k/4HMzgKCQfEEDArAWNF9Cw==",
            "dev": true,
            "requires": {
                "core-js-pure": "^3.20.2",
                "regenerator-runtime": "^0.13.4"
            }
        },
        "@deno/shim-deno": {
            "version": "0.6.0",
            "resolved": "https://registry.npmjs.org/@deno/shim-deno/-/shim-deno-0.6.0.tgz",
            "integrity": "sha512-f8JD7kwSX1pEMO+bCl/Ooi6ucJ1HHKlAbYw6Na1uFsPeF4iOPaVdc8AcxWO6bSSQ8MBKjELitJ3nG2euBO9kCA==",
            "dev": true,
            "requires": {
                "@deno/shim-deno-test": "^0.3.2",
                "which": "^2.0.2"
            }
        },
        "@deno/shim-deno-test": {
            "version": "0.3.3",
            "resolved": "https://registry.npmjs.org/@deno/shim-deno-test/-/shim-deno-test-0.3.3.tgz",
            "integrity": "sha512-Ge0Tnl7zZY0VvEfgsyLhjid8DzI1d0La0dgm+3m0/A8gZXgp5xwlyIyue5e4SCUuVB/3AH/0lun9LcJhhTwmbg==",
            "dev": true
        },
        "@grammyjs/types": {
            "version": "2.8.1",
            "resolved": "https://registry.npmjs.org/@grammyjs/types/-/types-2.8.1.tgz",
            "integrity": "sha512-cdeagnRnpahbwxyM4XOQR3EQwKnsmEsIktwRlQNyDz3IXI9YBvbRq2lDtufHxO4t6X07mm1+DiwjKEeYCec5bA==",
            "peer": true
        },
        "@nodelib/fs.scandir": {
            "version": "2.1.5",
            "resolved": "https://registry.npmjs.org/@nodelib/fs.scandir/-/fs.scandir-2.1.5.tgz",
            "integrity": "sha512-vq24Bq3ym5HEQm2NKCr3yXDwjc7vTsEThRDnkp2DK9p1uqLR+DHurm/NOTo0KG7HYHU7eppKZj3MyqYuMBf62g==",
            "dev": true,
            "requires": {
                "@nodelib/fs.stat": "2.0.5",
                "run-parallel": "^1.1.9"
            }
        },
        "@nodelib/fs.stat": {
            "version": "2.0.5",
            "resolved": "https://registry.npmjs.org/@nodelib/fs.stat/-/fs.stat-2.0.5.tgz",
            "integrity": "sha512-RkhPPp2zrqDAQA/2jNhnztcPAlv64XdhIp7a7454A5ovI7Bukxgt7MX7udwAu3zg1DcpPU0rz3VV1SeaqvY4+A==",
            "dev": true
        },
        "@nodelib/fs.walk": {
            "version": "1.2.8",
            "resolved": "https://registry.npmjs.org/@nodelib/fs.walk/-/fs.walk-1.2.8.tgz",
            "integrity": "sha512-oGB+UxlgWcgQkgwo8GcEGwemoTFt3FIO9ababBmaGwXIoBKZ+GTy0pP185beGg7Llih/NSHSV2XAs1lnznocSg==",
            "dev": true,
            "requires": {
                "@nodelib/fs.scandir": "2.1.5",
                "fastq": "^1.6.0"
            }
        },
        "@ts-morph/common": {
            "version": "0.16.0",
            "resolved": "https://registry.npmjs.org/@ts-morph/common/-/common-0.16.0.tgz",
            "integrity": "sha512-SgJpzkTgZKLKqQniCjLaE3c2L2sdL7UShvmTmPBejAKd2OKV/yfMpQ2IWpAuA+VY5wy7PkSUaEObIqEK6afFuw==",
            "dev": true,
            "requires": {
                "fast-glob": "^3.2.11",
                "minimatch": "^5.1.0",
                "mkdirp": "^1.0.4",
                "path-browserify": "^1.0.1"
            }
        },
        "@types/node": {
            "version": "18.0.4",
            "resolved": "https://registry.npmjs.org/@types/node/-/node-18.0.4.tgz",
            "integrity": "sha512-M0+G6V0Y4YV8cqzHssZpaNCqvYwlCiulmm0PwpNLF55r/+cT8Ol42CHRU1SEaYFH2rTwiiE1aYg/2g2rrtGdPA==",
            "dev": true
        },
        "abort-controller": {
            "version": "3.0.0",
            "resolved": "https://registry.npmjs.org/abort-controller/-/abort-controller-3.0.0.tgz",
            "integrity": "sha512-h8lQ8tacZYnR3vNQTgibj+tODHI5/+l06Au2Pcriv/Gmet0eaj4TwWH41sO9wnHDiQsEj19q0drzdWdeAHtweg==",
            "peer": true,
            "requires": {
                "event-target-shim": "^5.0.0"
            }
        },
        "balanced-match": {
            "version": "1.0.2",
            "resolved": "https://registry.npmjs.org/balanced-match/-/balanced-match-1.0.2.tgz",
            "integrity": "sha512-3oSeUO0TMV67hN1AmbXsK4yaqU7tjiHlbxRDZOpH0KW9+CeX4bRAaX0Anxt0tx2MrpRpWwQaPwIlISEJhYU5Pw==",
            "dev": true
        },
        "brace-expansion": {
            "version": "2.0.1",
            "resolved": "https://registry.npmjs.org/brace-expansion/-/brace-expansion-2.0.1.tgz",
            "integrity": "sha512-XnAIvQ8eM+kC6aULx6wuQiwVsnzsi9d3WxzV3FpWTGA19F621kwdbsAcFKXgKUHZWsy+mY6iL1sHTxWEFCytDA==",
            "dev": true,
            "requires": {
                "balanced-match": "^1.0.0"
            }
        },
        "braces": {
            "version": "3.0.2",
            "resolved": "https://registry.npmjs.org/braces/-/braces-3.0.2.tgz",
            "integrity": "sha512-b8um+L1RzM3WDSzvhm6gIz1yfTbBt6YTlcEKAvsmqCZZFw46z626lVj9j1yEPW33H5H+lBQpZMP1k8l+78Ha0A==",
            "dev": true,
            "requires": {
                "fill-range": "^7.0.1"
            }
        },
        "code-block-writer": {
            "version": "11.0.2",
            "resolved": "https://registry.npmjs.org/code-block-writer/-/code-block-writer-11.0.2.tgz",
            "integrity": "sha512-goP2FghRVwp940jOvhtUrRDiSVU0h4Ah2jPX1gu2ueGW8boQmdQV4NwiHoM5MQQbUWLQuZopougO8+Ajljgpnw==",
            "dev": true
        },
        "core-js-pure": {
            "version": "3.23.4",
            "resolved": "https://registry.npmjs.org/core-js-pure/-/core-js-pure-3.23.4.tgz",
            "integrity": "sha512-lizxkcgj3XDmi7TUBFe+bQ1vNpD5E4t76BrBWI3HdUxdw/Mq1VF4CkiHzIKyieECKtcODK2asJttoofEeUKICQ==",
            "dev": true
        },
        "debug": {
            "version": "4.3.4",
            "resolved": "https://registry.npmjs.org/debug/-/debug-4.3.4.tgz",
            "integrity": "sha512-PRWFHuSU3eDtQJPvnNY7Jcket1j0t5OuOsFzPPzsekD52Zl8qUfFIPEiswXqIvHWGVHOgX+7G/vCNNhehwxfkQ==",
            "peer": true,
            "requires": {
                "ms": "2.1.2"
            }
        },
        "deno2node": {
            "version": "1.4.0",
            "resolved": "https://registry.npmjs.org/deno2node/-/deno2node-1.4.0.tgz",
            "integrity": "sha512-HXNRXwTJ+YuaPqiVGZGCBxLJYn0d6qbKhnbz/7rAVKhx2bNoUkkkaFVxgTZlg6c9iGuE4jCWIqZjgya9Tg11DQ==",
            "dev": true,
            "requires": {
                "@deno/shim-deno": "<0.7.0",
                "ts-morph": "^15",
                "xregexp": "^5.1.0",
                "zod": "^3.11.6"
            }
        },
        "event-target-shim": {
            "version": "5.0.1",
            "resolved": "https://registry.npmjs.org/event-target-shim/-/event-target-shim-5.0.1.tgz",
            "integrity": "sha512-i/2XbnSz/uxRCU6+NdVJgKWDTM427+MqYbkQzD321DuCQJUqOuJKIA0IM2+W2xtYHdKOmZ4dR6fExsd4SXL+WQ==",
            "peer": true
        },
        "fast-glob": {
            "version": "3.2.11",
            "resolved": "https://registry.npmjs.org/fast-glob/-/fast-glob-3.2.11.tgz",
            "integrity": "sha512-xrO3+1bxSo3ZVHAnqzyuewYT6aMFHRAd4Kcs92MAonjwQZLsK9d0SF1IyQ3k5PoirxTW0Oe/RqFgMQ6TcNE5Ew==",
            "dev": true,
            "requires": {
                "@nodelib/fs.stat": "^2.0.2",
                "@nodelib/fs.walk": "^1.2.3",
                "glob-parent": "^5.1.2",
                "merge2": "^1.3.0",
                "micromatch": "^4.0.4"
            }
        },
        "fastq": {
            "version": "1.13.0",
            "resolved": "https://registry.npmjs.org/fastq/-/fastq-1.13.0.tgz",
            "integrity": "sha512-YpkpUnK8od0o1hmeSc7UUs/eB/vIPWJYjKck2QKIzAf71Vm1AAQ3EbuZB3g2JIy+pg+ERD0vqI79KyZiB2e2Nw==",
            "dev": true,
            "requires": {
                "reusify": "^1.0.4"
            }
        },
        "fill-range": {
            "version": "7.0.1",
            "resolved": "https://registry.npmjs.org/fill-range/-/fill-range-7.0.1.tgz",
            "integrity": "sha512-qOo9F+dMUmC2Lcb4BbVvnKJxTPjCm+RRpe4gDuGrzkL7mEVl/djYSu2OdQ2Pa302N4oqkSg9ir6jaLWJ2USVpQ==",
            "dev": true,
            "requires": {
                "to-regex-range": "^5.0.1"
            }
        },
        "glob-parent": {
            "version": "5.1.2",
            "resolved": "https://registry.npmjs.org/glob-parent/-/glob-parent-5.1.2.tgz",
            "integrity": "sha512-AOIgSQCepiJYwP3ARnGx+5VnTu2HBYdzbGP45eLw1vr3zB3vZLeyed1sC9hnbcOc9/SrMyM5RPQrkGz4aS9Zow==",
            "dev": true,
            "requires": {
                "is-glob": "^4.0.1"
            }
        },
        "grammy": {
            "version": "1.9.1",
            "resolved": "https://registry.npmjs.org/grammy/-/grammy-1.9.1.tgz",
            "integrity": "sha512-gdLHwDFrurCf2acoqiWRIfHbLE2iujCb8/USwENLwrXj26LVuQvEWmU9jWrPtHq+Psotd6RtqgQJh+75WWSotA==",
            "peer": true,
            "requires": {
                "@grammyjs/types": "^2.8.1",
                "abort-controller": "^3.0.0",
                "debug": "^4.3.4",
                "node-fetch": "^2.6.7"
            }
        },
        "is-extglob": {
            "version": "2.1.1",
            "resolved": "https://registry.npmjs.org/is-extglob/-/is-extglob-2.1.1.tgz",
            "integrity": "sha512-SbKbANkN603Vi4jEZv49LeVJMn4yGwsbzZworEoyEiutsN3nJYdbO36zfhGJ6QEDpOZIFkDtnq5JRxmvl3jsoQ==",
            "dev": true
        },
        "is-glob": {
            "version": "4.0.3",
            "resolved": "https://registry.npmjs.org/is-glob/-/is-glob-4.0.3.tgz",
            "integrity": "sha512-xelSayHH36ZgE7ZWhli7pW34hNbNl8Ojv5KVmkJD4hBdD3th8Tfk9vYasLM+mXWOZhFkgZfxhLSnrwRr4elSSg==",
            "dev": true,
            "requires": {
                "is-extglob": "^2.1.1"
            }
        },
        "is-number": {
            "version": "7.0.0",
            "resolved": "https://registry.npmjs.org/is-number/-/is-number-7.0.0.tgz",
            "integrity": "sha512-41Cifkg6e8TylSpdtTpeLVMqvSBEVzTttHvERD741+pnZ8ANv0004MRL43QKPDlK9cGvNp6NZWZUBlbGXYxxng==",
            "dev": true
        },
        "isexe": {
            "version": "2.0.0",
            "resolved": "https://registry.npmjs.org/isexe/-/isexe-2.0.0.tgz",
            "integrity": "sha512-RHxMLp9lnKHGHRng9QFhRCMbYAcVpn69smSGcq3f36xjgVVWThj4qqLbTLlq7Ssj8B+fIQ1EuCEGI2lKsyQeIw==",
            "dev": true
        },
        "merge2": {
            "version": "1.4.1",
            "resolved": "https://registry.npmjs.org/merge2/-/merge2-1.4.1.tgz",
            "integrity": "sha512-8q7VEgMJW4J8tcfVPy8g09NcQwZdbwFEqhe/WZkoIzjn/3TGDwtOCYtXGxA3O8tPzpczCCDgv+P2P5y00ZJOOg==",
            "dev": true
        },
        "micromatch": {
            "version": "4.0.5",
            "resolved": "https://registry.npmjs.org/micromatch/-/micromatch-4.0.5.tgz",
            "integrity": "sha512-DMy+ERcEW2q8Z2Po+WNXuw3c5YaUSFjAO5GsJqfEl7UjvtIuFKO6ZrKvcItdy98dwFI2N1tg3zNIdKaQT+aNdA==",
            "dev": true,
            "requires": {
                "braces": "^3.0.2",
                "picomatch": "^2.3.1"
            }
        },
        "minimatch": {
            "version": "5.1.0",
            "resolved": "https://registry.npmjs.org/minimatch/-/minimatch-5.1.0.tgz",
            "integrity": "sha512-9TPBGGak4nHfGZsPBohm9AWg6NoT7QTCehS3BIJABslyZbzxfV78QM2Y6+i741OPZIafFAaiiEMh5OyIrJPgtg==",
            "dev": true,
            "requires": {
                "brace-expansion": "^2.0.1"
            }
        },
        "mkdirp": {
            "version": "1.0.4",
            "resolved": "https://registry.npmjs.org/mkdirp/-/mkdirp-1.0.4.tgz",
            "integrity": "sha512-vVqVZQyf3WLx2Shd0qJ9xuvqgAyKPLAiqITEtqW0oIUjzo3PePDd6fW9iFz30ef7Ysp/oiWqbhszeGWW2T6Gzw==",
            "dev": true
        },
        "ms": {
            "version": "2.1.2",
            "resolved": "https://registry.npmjs.org/ms/-/ms-2.1.2.tgz",
            "integrity": "sha512-sGkPx+VjMtmA6MX27oA4FBFELFCZZ4S4XqeGOXCv68tT+jb3vk/RyaKWP0PTKyWtmLSM0b+adUTEvbs1PEaH2w==",
            "peer": true
        },
        "node-fetch": {
            "version": "2.6.7",
            "resolved": "https://registry.npmjs.org/node-fetch/-/node-fetch-2.6.7.tgz",
            "integrity": "sha512-ZjMPFEfVx5j+y2yF35Kzx5sF7kDzxuDj6ziH4FFbOp87zKDZNx8yExJIb05OGF4Nlt9IHFIMBkRl41VdvcNdbQ==",
            "peer": true,
            "requires": {
                "whatwg-url": "^5.0.0"
            }
        },
        "path-browserify": {
            "version": "1.0.1",
            "resolved": "https://registry.npmjs.org/path-browserify/-/path-browserify-1.0.1.tgz",
            "integrity": "sha512-b7uo2UCUOYZcnF/3ID0lulOJi/bafxa1xPe7ZPsammBSpjSWQkjNxlt635YGS2MiR9GjvuXCtz2emr3jbsz98g==",
            "dev": true
        },
        "picomatch": {
            "version": "2.3.1",
            "resolved": "https://registry.npmjs.org/picomatch/-/picomatch-2.3.1.tgz",
            "integrity": "sha512-JU3teHTNjmE2VCGFzuY8EXzCDVwEqB2a8fsIvwaStHhAWJEeVd1o1QD80CU6+ZdEXXSLbSsuLwJjkCBWqRQUVA==",
            "dev": true
        },
        "queue-microtask": {
            "version": "1.2.3",
            "resolved": "https://registry.npmjs.org/queue-microtask/-/queue-microtask-1.2.3.tgz",
            "integrity": "sha512-NuaNSa6flKT5JaSYQzJok04JzTL1CA6aGhv5rfLW3PgqA+M2ChpZQnAC8h8i4ZFkBS8X5RqkDBHA7r4hej3K9A==",
            "dev": true
        },
        "regenerator-runtime": {
            "version": "0.13.9",
            "resolved": "https://registry.npmjs.org/regenerator-runtime/-/regenerator-runtime-0.13.9.tgz",
            "integrity": "sha512-p3VT+cOEgxFsRRA9X4lkI1E+k2/CtnKtU4gcxyaCUreilL/vqI6CdZ3wxVUx3UOUg+gnUOQQcRI7BmSI656MYA==",
            "dev": true
        },
        "reusify": {
            "version": "1.0.4",
            "resolved": "https://registry.npmjs.org/reusify/-/reusify-1.0.4.tgz",
            "integrity": "sha512-U9nH88a3fc/ekCF1l0/UP1IosiuIjyTh7hBvXVMHYgVcfGvt897Xguj2UOLDeI5BG2m7/uwyaLVT6fbtCwTyzw==",
            "dev": true
        },
        "run-parallel": {
            "version": "1.2.0",
            "resolved": "https://registry.npmjs.org/run-parallel/-/run-parallel-1.2.0.tgz",
            "integrity": "sha512-5l4VyZR86LZ/lDxZTR6jqL8AFE2S0IFLMP26AbjsLVADxHdhB/c0GUsH+y39UfCi3dzz8OlQuPmnaJOMoDHQBA==",
            "dev": true,
            "requires": {
                "queue-microtask": "^1.2.2"
            }
        },
        "to-regex-range": {
            "version": "5.0.1",
            "resolved": "https://registry.npmjs.org/to-regex-range/-/to-regex-range-5.0.1.tgz",
            "integrity": "sha512-65P7iz6X5yEr1cwcgvQxbbIw7Uk3gOy5dIdtZ4rDveLqhrdJP+Li/Hx6tyK0NEb+2GCyneCMJiGqrADCSNk8sQ==",
            "dev": true,
            "requires": {
                "is-number": "^7.0.0"
            }
        },
        "tr46": {
            "version": "0.0.3",
            "resolved": "https://registry.npmjs.org/tr46/-/tr46-0.0.3.tgz",
            "integrity": "sha512-N3WMsuqV66lT30CrXNbEjx4GEwlow3v6rr4mCcv6prnfwhS01rkgyFdjPNBYd9br7LpXV1+Emh01fHnq2Gdgrw==",
            "peer": true
        },
        "ts-morph": {
            "version": "15.1.0",
            "resolved": "https://registry.npmjs.org/ts-morph/-/ts-morph-15.1.0.tgz",
            "integrity": "sha512-RBsGE2sDzUXFTnv8Ba22QfeuKbgvAGJFuTN7HfmIRUkgT/NaVLfDM/8OFm2NlFkGlWEXdpW5OaFIp1jvqdDuOg==",
            "dev": true,
            "requires": {
                "@ts-morph/common": "~0.16.0",
                "code-block-writer": "^11.0.0"
            }
        },
        "type-fest": {
            "version": "2.17.0",
            "resolved": "https://registry.npmjs.org/type-fest/-/type-fest-2.17.0.tgz",
            "integrity": "sha512-U+g3/JVXnOki1kLSc+xZGPRll3Ah9u2VIG6Sn9iH9YX6UkPERmt6O/0fIyTgsd2/whV0+gAaHAg8fz6sG1QzMA==",
            "dev": true
        },
        "webidl-conversions": {
            "version": "3.0.1",
            "resolved": "https://registry.npmjs.org/webidl-conversions/-/webidl-conversions-3.0.1.tgz",
            "integrity": "sha512-2JAn3z8AR6rjK8Sm8orRC0h/bcl/DqL7tRPdGZ4I1CjdF+EaMLmYxBHyXuKL849eucPFhvBoxMsflfOb8kxaeQ==",
            "peer": true
        },
        "whatwg-url": {
            "version": "5.0.0",
            "resolved": "https://registry.npmjs.org/whatwg-url/-/whatwg-url-5.0.0.tgz",
            "integrity": "sha512-saE57nupxk6v3HY35+jzBwYa0rKSy0XR8JSxZPwgLr7ys0IBzhGviA1/TUGJLmSVqs8pb9AnvICXEuOHLprYTw==",
            "peer": true,
            "requires": {
                "tr46": "~0.0.3",
                "webidl-conversions": "^3.0.0"
            }
        },
        "which": {
            "version": "2.0.2",
            "resolved": "https://registry.npmjs.org/which/-/which-2.0.2.tgz",
            "integrity": "sha512-BLI3Tl1TW3Pvl70l3yq3Y64i+awpwXqsGBYWkkqMtnbXgrMD+yj7rhW0kuEDxzJaYXGjEW5ogapKNMEKNMjibA==",
            "dev": true,
            "requires": {
                "isexe": "^2.0.0"
            }
        },
        "xregexp": {
            "version": "5.1.1",
            "resolved": "https://registry.npmjs.org/xregexp/-/xregexp-5.1.1.tgz",
            "integrity": "sha512-fKXeVorD+CzWvFs7VBuKTYIW63YD1e1osxwQ8caZ6o1jg6pDAbABDG54LCIq0j5cy7PjRvGIq6sef9DYPXpncg==",
            "dev": true,
            "requires": {
                "@babel/runtime-corejs3": "^7.16.5"
            }
        },
        "zod": {
            "version": "3.17.3",
            "resolved": "https://registry.npmjs.org/zod/-/zod-3.17.3.tgz",
            "integrity": "sha512-4oKP5zvG6GGbMlqBkI5FESOAweldEhSOZ6LI6cG+JzUT7ofj1ZOC0PJudpQOpT1iqOFpYYtX5Pw0+o403y4bcg==",
            "dev": true
        }
    }
}
